PODS:
  - FSCommon (0.0.1)
  - Google-Mobile-Ads-SDK (7.41.0)

DEPENDENCIES:
  - FSCommon (from `https://github.com/freestarcapital/FSCommon.git`)
  - Google-Mobile-Ads-SDK (~> 7.41.0)

SPEC REPOS:
  https://github.com/cocoapods/specs.git:
    - Google-Mobile-Ads-SDK

EXTERNAL SOURCES:
  FSCommon:
    :git: https://github.com/freestarcapital/FSCommon.git

CHECKOUT OPTIONS:
  FSCommon:
    :commit: 6a8caf5071bbfa88d651f51da721a320a578cef7
    :git: https://github.com/freestarcapital/FSCommon.git

SPEC CHECKSUMS:
  FSCommon: 485c95f1bfef98f2da22c3dfc88217670a668198
  Google-Mobile-Ads-SDK: 101ce89b94fdf60ec64ba7b6e9b9d812dc765936

PODFILE CHECKSUM: 051b340cb5b9940d6cc93cd7d77e54d775481f7a

COCOAPODS: 1.6.0.rc.2
